
Microsoft Visual Studio Solution File, Format Version 12.00
# Visual Studio Version 17
VisualStudioVersion = 17.0.31919.166
MinimumVisualStudioVersion = 10.0.40219.1
Project("{FAE04EC0-301F-11D3-BF4B-00C04F79EFBC}") = "UnityE2ETest", "UnityE2ETest\UnityE2ETest.csproj", "{2E8F6834-2218-44A0-91E0-F9976574FECD}"
EndProject
Project("{FAE04EC0-301F-11D3-BF4B-00C04F79EFBC}") = "DepInjE2ETest", "DepInjE2ETest\DepInjE2ETest.csproj", "{49757A96-DE9F-4EDF-8A6C-70A8ED649205}"
EndProject
Project("{FAE04EC0-301F-11D3-BF4B-00C04F79EFBC}") = "DALE2ETest", "DALE2ETest\DALE2ETest.csproj", "{D669D57D-B70E-4FA8-90DB-7CB6828FA4D7}"
EndProject
Global
	GlobalSection(SolutionConfigurationPlatforms) = preSolution
		Debug|Any CPU = Debug|Any CPU
		Release|Any CPU = Release|Any CPU
	EndGlobalSection
	GlobalSection(ProjectConfigurationPlatforms) = postSolution
		{2E8F6834-2218-44A0-91E0-F9976574FECD}.Debug|Any CPU.ActiveCfg = Debug|Any CPU
		{2E8F6834-2218-44A0-91E0-F9976574FECD}.Debug|Any CPU.Build.0 = Debug|Any CPU
		{2E8F6834-2218-44A0-91E0-F9976574FECD}.Release|Any CPU.ActiveCfg = Release|Any CPU
		{2E8F6834-2218-44A0-91E0-F9976574FECD}.Release|Any CPU.Build.0 = Release|Any CPU
		{49757A96-DE9F-4EDF-8A6C-70A8ED649205}.Debug|Any CPU.ActiveCfg = Debug|Any CPU
		{49757A96-DE9F-4EDF-8A6C-70A8ED649205}.Debug|Any CPU.Build.0 = Debug|Any CPU
		{49757A96-DE9F-4EDF-8A6C-70A8ED649205}.Release|Any CPU.ActiveCfg = Release|Any CPU
		{49757A96-DE9F-4EDF-8A6C-70A8ED649205}.Release|Any CPU.Build.0 = Release|Any CPU
		{D669D57D-B70E-4FA8-90DB-7CB6828FA4D7}.Debug|Any CPU.ActiveCfg = Debug|Any CPU
		{D669D57D-B70E-4FA8-90DB-7CB6828FA4D7}.Debug|Any CPU.Build.0 = Debug|Any CPU
		{D669D57D-B70E-4FA8-90DB-7CB6828FA4D7}.Release|Any CPU.ActiveCfg = Release|Any CPU
		{D669D57D-B70E-4FA8-90DB-7CB6828FA4D7}.Release|Any CPU.Build.0 = Release|Any CPU
	EndGlobalSection
	GlobalSection(SolutionProperties) = preSolution
		HideSolutionNode = FALSE
	EndGlobalSection
	GlobalSection(ExtensibilityGlobals) = postSolution
		SolutionGuid = {EC06B034-3502-430A-9A2F-6564FFD5AF41}
	EndGlobalSection
EndGlobal
